
Microsoft Visual Studio Solution File, Format Version 12.00
# Visual Studio Version 17
VisualStudioVersion = 17.5.33414.496
MinimumVisualStudioVersion = 10.0.40219.1
Project("{9A19103F-16F7-4668-BE54-9A1E7A4F7556}") = "Restaurant API", "DAWM Project\Restaurant API.csproj", "{B6D28050-160E-4D15-B349-4E17FFEBF48C}"
EndProject
Project("{9A19103F-16F7-4668-BE54-9A1E7A4F7556}") = "DataLayer", "DataLayer\DataLayer.csproj", "{E0BDE933-F953-43DB-98F8-DCDB3E0587E0}"
EndProject
Project("{9A19103F-16F7-4668-BE54-9A1E7A4F7556}") = "Core", "Core\Core.csproj", "{83B0A123-A757-4CE1-92E4-D6E44FA3B10A}"
EndProject
Project("{FAE04EC0-301F-11D3-BF4B-00C04F79EFBC}") = "RestaurantAPI.Domain", "RestaurantAPI.Domain\RestaurantAPI.Domain.csproj", "{F087BA9F-C780-455C-BE1D-2CE0B0E18CBE}"
EndProject
Project("{FAE04EC0-301F-11D3-BF4B-00C04F79EFBC}") = "RestaurantAPI.Logger", "RestaurantAPI.Logger\RestaurantAPI.Logger.csproj", "{AFC72846-5E52-43A8-BEA3-B75A26FD43A1}"
EndProject
Project("{FAE04EC0-301F-11D3-BF4B-00C04F79EFBC}") = "RestaurantAPI.Exceptions", "RestaurantAPI.Exceptions\RestaurantAPI.Exceptions.csproj", "{3303050D-A19D-4851-90DF-93C964B22F28}"
EndProject
Global
	GlobalSection(SolutionConfigurationPlatforms) = preSolution
		Debug|Any CPU = Debug|Any CPU
		Release|Any CPU = Release|Any CPU
	EndGlobalSection
	GlobalSection(ProjectConfigurationPlatforms) = postSolution
		{B6D28050-160E-4D15-B349-4E17FFEBF48C}.Debug|Any CPU.ActiveCfg = Debug|Any CPU
		{B6D28050-160E-4D15-B349-4E17FFEBF48C}.Debug|Any CPU.Build.0 = Debug|Any CPU
		{B6D28050-160E-4D15-B349-4E17FFEBF48C}.Release|Any CPU.ActiveCfg = Release|Any CPU
		{B6D28050-160E-4D15-B349-4E17FFEBF48C}.Release|Any CPU.Build.0 = Release|Any CPU
		{E0BDE933-F953-43DB-98F8-DCDB3E0587E0}.Debug|Any CPU.ActiveCfg = Debug|Any CPU
		{E0BDE933-F953-43DB-98F8-DCDB3E0587E0}.Debug|Any CPU.Build.0 = Debug|Any CPU
		{E0BDE933-F953-43DB-98F8-DCDB3E0587E0}.Release|Any CPU.ActiveCfg = Release|Any CPU
		{E0BDE933-F953-43DB-98F8-DCDB3E0587E0}.Release|Any CPU.Build.0 = Release|Any CPU
		{83B0A123-A757-4CE1-92E4-D6E44FA3B10A}.Debug|Any CPU.ActiveCfg = Debug|Any CPU
		{83B0A123-A757-4CE1-92E4-D6E44FA3B10A}.Debug|Any CPU.Build.0 = Debug|Any CPU
		{83B0A123-A757-4CE1-92E4-D6E44FA3B10A}.Release|Any CPU.ActiveCfg = Release|Any CPU
		{83B0A123-A757-4CE1-92E4-D6E44FA3B10A}.Release|Any CPU.Build.0 = Release|Any CPU
		{F087BA9F-C780-455C-BE1D-2CE0B0E18CBE}.Debug|Any CPU.ActiveCfg = Debug|Any CPU
		{F087BA9F-C780-455C-BE1D-2CE0B0E18CBE}.Debug|Any CPU.Build.0 = Debug|Any CPU
		{F087BA9F-C780-455C-BE1D-2CE0B0E18CBE}.Release|Any CPU.ActiveCfg = Release|Any CPU
		{F087BA9F-C780-455C-BE1D-2CE0B0E18CBE}.Release|Any CPU.Build.0 = Release|Any CPU
		{AFC72846-5E52-43A8-BEA3-B75A26FD43A1}.Debug|Any CPU.ActiveCfg = Debug|Any CPU
		{AFC72846-5E52-43A8-BEA3-B75A26FD43A1}.Debug|Any CPU.Build.0 = Debug|Any CPU
		{AFC72846-5E52-43A8-BEA3-B75A26FD43A1}.Release|Any CPU.ActiveCfg = Release|Any CPU
		{AFC72846-5E52-43A8-BEA3-B75A26FD43A1}.Release|Any CPU.Build.0 = Release|Any CPU
		{3303050D-A19D-4851-90DF-93C964B22F28}.Debug|Any CPU.ActiveCfg = Debug|Any CPU
		{3303050D-A19D-4851-90DF-93C964B22F28}.Debug|Any CPU.Build.0 = Debug|Any CPU
		{3303050D-A19D-4851-90DF-93C964B22F28}.Release|Any CPU.ActiveCfg = Release|Any CPU
		{3303050D-A19D-4851-90DF-93C964B22F28}.Release|Any CPU.Build.0 = Release|Any CPU
	EndGlobalSection
	GlobalSection(SolutionProperties) = preSolution
		HideSolutionNode = FALSE
	EndGlobalSection
	GlobalSection(ExtensibilityGlobals) = postSolution
		SolutionGuid = {07CFC329-3BAE-4806-AD94-015B2F62BC80}
	EndGlobalSection
EndGlobal
